<?xml version="1.0" encoding="utf-8"?>
<Project ToolsVersion="4.0" xmlns="http://schemas.microsoft.com/developer/msbuild/2003">
  <ItemGroup>
    <Filter Include="Common">
      <UniqueIdentifier>52519291-0bb2-40bd-bd28-5ebd72717794</UniqueIdentifier>
    </Filter>
    <Filter Include="Assets">
      <UniqueIdentifier>2b0057af-51fb-4dd1-bca0-d21628163494</UniqueIdentifier>
      <Extensions>ico;cur;bmp;dds;dlg;fbx;rct;bin;rgs;gif;jpg;jpeg;jpe;resx;tga;tiff;tif;png;wav;mfcribbon-ms</Extensions>
    </Filter>
    <Filter Include="Library">
      <UniqueIdentifier>{1903a5e4-aa58-4147-9514-55f3598b7754}</UniqueIdentifier>
    </Filter>
    <Filter Include="Scene">
      <UniqueIdentifier>{317f6788-c2e6-42f2-97eb-84398ae74326}</UniqueIdentifier>
    </Filter>
    <Filter Include="Scene\SceneState">
      <UniqueIdentifier>{15b73e56-7707-4d69-8f56-d4cd53ae48f7}</UniqueIdentifier>
    </Filter>
    <Filter Include="Game">
      <UniqueIdentifier>{f22d737b-1808-445c-ae88-079cedbfaf40}</UniqueIdentifier>
    </Filter>
    <Filter Include="Game\Camera">
      <UniqueIdentifier>{50efaadc-d734-47d0-9189-fd3aaf536767}</UniqueIdentifier>
    </Filter>
    <Filter Include="Game\PlayScene">
      <UniqueIdentifier>{aa37d9a8-fedd-4ef5-9dc4-f95da7726f02}</UniqueIdentifier>
    </Filter>
    <Filter Include="Game\PlayScene\Player">
      <UniqueIdentifier>{8e014896-e4d2-4e5c-8b5f-d97855abf94a}</UniqueIdentifier>
    </Filter>
    <Filter Include="Game\PlayScene\Player\State">
      <UniqueIdentifier>{8d54c130-e59c-40e4-ac42-2f4d39d60dfe}</UniqueIdentifier>
    </Filter>
    <Filter Include="Game\PlayScene\ObjectManager">
      <UniqueIdentifier>{dd87b402-3809-4b27-9bf9-d9fefdb85def}</UniqueIdentifier>
    </Filter>
    <Filter Include="Game\PlayScene\ObjectManager\FloorObject">
      <UniqueIdentifier>{8a61e5da-7d44-4e19-899d-65454eaa7ab7}</UniqueIdentifier>
    </Filter>
    <Filter Include="Library\Mesh">
      <UniqueIdentifier>{00661865-1765-4070-b24a-a3fad4114c99}</UniqueIdentifier>
    </Filter>
    <Filter Include="Game\PlayScene\CollitionManager">
      <UniqueIdentifier>{f3794c50-8b7e-4c46-a144-2b0fd5947247}</UniqueIdentifier>
    </Filter>
    <Filter Include="Game\PlayScene\Enemy">
      <UniqueIdentifier>{a0b8719e-f655-431e-9b3c-40a96f6c903a}</UniqueIdentifier>
    </Filter>
    <Filter Include="Game\PlayScene\Enemy\Enemy">
      <UniqueIdentifier>{5381038d-0fea-48fc-8458-48f626a8764d}</UniqueIdentifier>
    </Filter>
    <Filter Include="Game\PlayScene\Enemy\Enemy\CommonEnemy">
      <UniqueIdentifier>{76b3ad83-0f89-41f2-9a72-d34a14bffb0f}</UniqueIdentifier>
    </Filter>
    <Filter Include="Game\PlayScene\Enemy\Enemy\CommonEnemy\State">
      <UniqueIdentifier>{cfb4077a-20ac-439f-a15f-e229c5fca092}</UniqueIdentifier>
    </Filter>
    <Filter Include="Library\Bones">
      <UniqueIdentifier>{5d407fbb-53c6-4835-a3a6-6e0f55452b2c}</UniqueIdentifier>
    </Filter>
    <Filter Include="Game\Camera\PlayerCamera">
      <UniqueIdentifier>{ce56b838-d436-4b62-b62d-3444458e42ee}</UniqueIdentifier>
    </Filter>
    <Filter Include="Game\Camera\PlayerCamera\State">
      <UniqueIdentifier>{e4580d1a-ba01-43d3-944a-d4b124e66e01}</UniqueIdentifier>
    </Filter>
    <Filter Include="Game\PlayScene\ObjectManager\WireObject">
      <UniqueIdentifier>{59719ea9-2e1d-4cca-ab5c-9d74636e44ce}</UniqueIdentifier>
    </Filter>
    <Filter Include="Game\PlayScene\ObjectManager\WallObject">
      <UniqueIdentifier>{0f38d5f3-2861-4feb-9033-16145fd21a32}</UniqueIdentifier>
    </Filter>
    <Filter Include="Game\PlayScene\UIManager">
      <UniqueIdentifier>{4afb6e23-a37d-4e02-807d-eaa6441dd6a9}</UniqueIdentifier>
    </Filter>
    <Filter Include="Game\PlayScene\UIManager\Clock">
      <UniqueIdentifier>{3175a090-b1e6-4f9c-8c9a-86954e50d45c}</UniqueIdentifier>
    </Filter>
    <Filter Include="Game\PlayScene\UIManager\CoolTime">
      <UniqueIdentifier>{6c3895e0-c78b-461b-bdae-5373834bc64d}</UniqueIdentifier>
    </Filter>
    <Filter Include="Game\PlayScene\UIManager\FadeIn">
      <UniqueIdentifier>{36705254-2527-435f-b523-9f5cd5501d43}</UniqueIdentifier>
    </Filter>
    <Filter Include="Game\PlayScene\ScreenEffect">
      <UniqueIdentifier>{fad8f5ee-458e-4299-984b-951397be411c}</UniqueIdentifier>
    </Filter>
    <Filter Include="Game\PlayScene\ScreenEffect\FailureScreen">
      <UniqueIdentifier>{7ff02722-213d-4bc1-9195-9c8f876dddfb}</UniqueIdentifier>
    </Filter>
    <Filter Include="Game\PlayScene\GameManager">
      <UniqueIdentifier>{b34f999c-acda-436d-9eaa-8875cc43bf11}</UniqueIdentifier>
    </Filter>
    <Filter Include="Game\PlayScene\UIManager\GameOver">
      <UniqueIdentifier>{3b0bf28e-2c29-4df8-a0a7-609013951545}</UniqueIdentifier>
    </Filter>
    <Filter Include="Game\PlayScene\ObjectManager\BackGround">
      <UniqueIdentifier>{89346af3-c05f-4eb9-8bd3-a5f8e3df1b2e}</UniqueIdentifier>
    </Filter>
    <Filter Include="Game\PlayScene\UIManager\ScreenRay">
      <UniqueIdentifier>{9541c0a5-3e31-4597-b4b7-eb480bcf4c9b}</UniqueIdentifier>
    </Filter>
    <Filter Include="Game\PlayScene\Shadow">
      <UniqueIdentifier>{6dc21f19-5928-4d97-b181-2a3a8991bbc5}</UniqueIdentifier>
    </Filter>
    <Filter Include="Game\TitleScene">
      <UniqueIdentifier>{ec183a49-b64a-49eb-aaa6-440f4019e3c1}</UniqueIdentifier>
    </Filter>
    <Filter Include="Game\TitleScene\UI">
      <UniqueIdentifier>{3d864d14-41ac-4c44-8a8f-bffabd28eb05}</UniqueIdentifier>
    </Filter>
    <Filter Include="Game\PlayScene\ObjectManager\GoalObject">
      <UniqueIdentifier>{3fc37252-63e8-4008-86c5-3f13c00004ae}</UniqueIdentifier>
    </Filter>
    <Filter Include="Game\PlayScene\ScreenEffect\SpeedScreen">
      <UniqueIdentifier>{93d666c9-465d-4941-9004-30957cfa59e1}</UniqueIdentifier>
    </Filter>
    <Filter Include="Game\PlayScene\Effect">
      <UniqueIdentifier>{9c01b93b-274c-41bd-9abf-9c94f9bf5a7b}</UniqueIdentifier>
    </Filter>
    <Filter Include="Game\PlayScene\Effect\WireUseEffect">
      <UniqueIdentifier>{ee6e70de-81aa-4de3-8926-11bfbd593747}</UniqueIdentifier>
    </Filter>
    <Filter Include="Game\PlayScene\Effect\Billboard">
      <UniqueIdentifier>{f0ae1a87-ee88-4267-b33d-fb9af333affa}</UniqueIdentifier>
    </Filter>
    <Filter Include="Resorces">
      <UniqueIdentifier>{8426b171-c48d-4cb5-962c-054131dc48ee}</UniqueIdentifier>
    </Filter>
    <Filter Include="Resorces\FBX">
      <UniqueIdentifier>{4c8174a5-16c0-40af-931f-5bf5babd8a57}</UniqueIdentifier>
    </Filter>
    <Filter Include="Resorces\Shader">
      <UniqueIdentifier>{05f01641-4dd8-422f-99e2-2cbbd4243778}</UniqueIdentifier>
    </Filter>
    <Filter Include="Resorces\Shader\UI">
      <UniqueIdentifier>{8781d6c9-91d0-4949-8682-9b84a7dbf0d4}</UniqueIdentifier>
    </Filter>
    <Filter Include="Resorces\Shader\Number">
      <UniqueIdentifier>{ced588ef-36f4-469d-833c-2dfe5148894d}</UniqueIdentifier>
    </Filter>
    <Filter Include="Resorces\Shader\CoolTime">
      <UniqueIdentifier>{bd721785-f296-41a3-a5cf-c7957e087000}</UniqueIdentifier>
    </Filter>
    <Filter Include="Resorces\Shader\Fade">
      <UniqueIdentifier>{852490bb-f066-438b-a6b7-cacfaa5a7836}</UniqueIdentifier>
    </Filter>
    <Filter Include="Resorces\Shader\RedScreen">
      <UniqueIdentifier>{4bc15fab-610a-462d-abb0-a87c3a7be1bf}</UniqueIdentifier>
    </Filter>
    <Filter Include="Resorces\Shader\Shadow">
      <UniqueIdentifier>{ec3db26c-73d1-41f4-a3f2-96af401e3f93}</UniqueIdentifier>
    </Filter>
    <Filter Include="Resorces\Shader\Shadow\Depth">
      <UniqueIdentifier>{b59211f9-3b07-4201-8b2c-d12c7f8659a8}</UniqueIdentifier>
    </Filter>
    <Filter Include="Resorces\Shader\BackGroundMove">
      <UniqueIdentifier>{191501e3-b151-4f66-adc1-241aa89ff9ab}</UniqueIdentifier>
    </Filter>
    <Filter Include="Resorces\Shader\TVOFF">
      <UniqueIdentifier>{391f7b10-9737-405e-a805-0a17fcda48c8}</UniqueIdentifier>
    </Filter>
    <Filter Include="Resorces\Shader\Model">
      <UniqueIdentifier>{202cb540-d483-4282-9f66-4599cfad2574}</UniqueIdentifier>
    </Filter>
    <Filter Include="Resorces\Shader\AboveNumber">
      <UniqueIdentifier>{fa5492a5-65d0-440b-befb-cdab0e35b5cd}</UniqueIdentifier>
    </Filter>
    <Filter Include="Resorces\Shader\SpeedScreen">
      <UniqueIdentifier>{9458d498-c2b8-4a33-9fef-66c1af8f0613}</UniqueIdentifier>
    </Filter>
    <Filter Include="Resorces\Shader\Billboard">
      <UniqueIdentifier>{0d83c077-e5df-4c1b-a2c1-4c762b2ce392}</UniqueIdentifier>
    </Filter>
    <Filter Include="Resorces\Shader\ConcentrationLine">
      <UniqueIdentifier>{e2f096a8-123d-4e52-b2fd-d22f9ae66e99}</UniqueIdentifier>
    </Filter>
    <Filter Include="Game\PlayScene\UIManager\ConcentrationLine">
      <UniqueIdentifier>{f741d2eb-ef06-43fc-9b1e-3c5daa9baf10}</UniqueIdentifier>
    </Filter>
    <Filter Include="Resorces\FBX\Player">
      <UniqueIdentifier>{24aadd23-d916-4d8e-a9cd-cb91e95d688f}</UniqueIdentifier>
    </Filter>
    <Filter Include="Game\PlayScene\Player\Bons">
      <UniqueIdentifier>{fdb6f5b6-eef6-4fdf-8d18-11e480cf0944}</UniqueIdentifier>
    </Filter>
    <Filter Include="Game\PlayScene\Player\Bons\AnimationState">
      <UniqueIdentifier>{01acb9d4-fb44-4125-9bf7-4d08ac88ef11}</UniqueIdentifier>
    </Filter>
    <Filter Include="Game\PlayScene\UIManager\GameClear">
      <UniqueIdentifier>{15776f83-2d7f-4841-aa96-48b0174c6d0c}</UniqueIdentifier>
    </Filter>
    <Filter Include="Resorces\Shader\GlitchShader">
      <UniqueIdentifier>{c309ca0e-5a4c-48c3-aef8-b31ef995771c}</UniqueIdentifier>
    </Filter>
    <Filter Include="Resorces\Shader\CenterShader">
      <UniqueIdentifier>{8c856f08-86e9-4fc1-ab8a-2465ca12c697}</UniqueIdentifier>
    </Filter>
    <Filter Include="Resorces\Shader\PlayerModelTexture">
      <UniqueIdentifier>{f930e44a-dfe8-4f84-9e19-d60abc3e3a4b}</UniqueIdentifier>
    </Filter>
    <Filter Include="Library\Music">
      <UniqueIdentifier>{acfcdda3-68f6-4620-9856-64fd98e54614}</UniqueIdentifier>
    </Filter>
    <Filter Include="Game\Menu">
      <UniqueIdentifier>{4adf085f-bc71-4667-887b-b2cd70bdfa98}</UniqueIdentifier>
    </Filter>
    <Filter Include="Game\Menu\State">
      <UniqueIdentifier>{3b837777-bd01-4574-b8a1-b44e4307fe1f}</UniqueIdentifier>
    </Filter>
    <Filter Include="Game\Menu\Slider">
      <UniqueIdentifier>{11510385-a190-4cf0-a33c-f0d0c61d3425}</UniqueIdentifier>
    </Filter>
    <Filter Include="Resorces\Shader\Slider">
      <UniqueIdentifier>{34fd825b-4916-483f-abbd-0c0f13be47f3}</UniqueIdentifier>
    </Filter>
    <Filter Include="Library\Shader">
      <UniqueIdentifier>{2de7bf5e-06bc-405f-b05a-f1a4a4be0bc4}</UniqueIdentifier>
    </Filter>
    <Filter Include="Game\ResultManager">
      <UniqueIdentifier>{c287e9ff-2bed-406f-9854-e504401756b0}</UniqueIdentifier>
    </Filter>
    <Filter Include="Game\ResultManager\State">
      <UniqueIdentifier>{f1101602-971a-4a62-853c-3fbdac8923cd}</UniqueIdentifier>
    </Filter>
    <Filter Include="Game\ResultManager\UI">
      <UniqueIdentifier>{df9aa0e4-acc9-481c-a2df-c22f8f87512c}</UniqueIdentifier>
    </Filter>
    <Filter Include="Game\ResultManager\ScreenEffect">
      <UniqueIdentifier>{df773b49-5e02-46ca-98fd-3342b0f6292e}</UniqueIdentifier>
    </Filter>
    <Filter Include="Game\TitleScene\State">
      <UniqueIdentifier>{9c4105e1-bf06-4936-be4e-7f08fe01601b}</UniqueIdentifier>
    </Filter>
  </ItemGroup>
  <ItemGroup>
    <ClInclude Include="pch.h" />
    <ClInclude Include="Game.h" />
    <ClInclude Include="StepTimer.h">
      <Filter>Common</Filter>
    </ClInclude>
    <ClInclude Include="DeviceResources.h">
      <Filter>Common</Filter>
    </ClInclude>
    <ClInclude Include="Scene\IScene.h">
      <Filter>Scene</Filter>
    </ClInclude>
    <ClInclude Include="Scene\SceneManager.h">
      <Filter>Scene</Filter>
    </ClInclude>
    <ClInclude Include="Scene\SceneState\PlayScene.h">
      <Filter>Scene\SceneState</Filter>
    </ClInclude>
    <ClInclude Include="Library\Library.h">
      <Filter>Library</Filter>
    </ClInclude>
    <ClInclude Include="Game\PlayScene\Player\Player.h">
      <Filter>Game\PlayScene\Player</Filter>
    </ClInclude>
    <ClInclude Include="Game\PlayScene\Player\State\PlayerStay.h">
      <Filter>Game\PlayScene\Player\State</Filter>
    </ClInclude>
    <ClInclude Include="Game\PlayScene\Player\State\PlayerWalk.h">
      <Filter>Game\PlayScene\Player\State</Filter>
    </ClInclude>
    <ClInclude Include="Game\PlayScene\Player\State\PlayerCrouching.h">
      <Filter>Game\PlayScene\Player\State</Filter>
    </ClInclude>
    <ClInclude Include="Game\PlayScene\ObjectManager\ObjectManager.h">
      <Filter>Game\PlayScene\ObjectManager</Filter>
    </ClInclude>
    <ClInclude Include="Library\LibrarySingleton.h">
      <Filter>Library</Filter>
    </ClInclude>
    <ClInclude Include="Game\PlayScene\Player\State\PlayerJump.h">
      <Filter>Game\PlayScene\Player\State</Filter>
    </ClInclude>
    <ClInclude Include="Game\PlayScene\ObjectManager\FloorObject\FloorObject.h">
      <Filter>Game\PlayScene\ObjectManager\FloorObject</Filter>
    </ClInclude>
    <ClInclude Include="Library\Mesh\LeadMesh.h">
      <Filter>Library\Mesh</Filter>
    </ClInclude>
    <ClInclude Include="Library\Mesh\MeshCollitionManager.h">
      <Filter>Library\Mesh</Filter>
    </ClInclude>
    <ClInclude Include="Game\PlayScene\CollitionManager\CollitionManager.h">
      <Filter>Game\PlayScene\CollitionManager</Filter>
    </ClInclude>
    <ClInclude Include="Library\Mesh\ObjectMesh.h">
      <Filter>Library\Mesh</Filter>
    </ClInclude>
    <ClInclude Include="Library\Mesh\Triangle.h">
      <Filter>Library\Mesh</Filter>
    </ClInclude>
    <ClInclude Include="Library\Mesh\DrawMesh.h">
      <Filter>Library\Mesh</Filter>
    </ClInclude>
    <ClInclude Include="Game\PlayScene\Player\State\PlayerSliding.h">
      <Filter>Game\PlayScene\Player\State</Filter>
    </ClInclude>
    <ClInclude Include="Common\DebugDraw.h">
      <Filter>Common</Filter>
    </ClInclude>
    <ClInclude Include="Library\Mesh\MeshCollitionFloor.h">
      <Filter>Library\Mesh</Filter>
    </ClInclude>
    <ClInclude Include="Library\Mesh\MeshCollitionWall.h">
      <Filter>Library\Mesh</Filter>
    </ClInclude>
    <ClInclude Include="Game\PlayScene\Player\State\PlayerDash.h">
      <Filter>Game\PlayScene\Player\State</Filter>
    </ClInclude>
    <ClInclude Include="Game\PlayScene\Enemy\EnemyManager.h">
      <Filter>Game\PlayScene\Enemy</Filter>
    </ClInclude>
    <ClInclude Include="Game\PlayScene\Player\State\PlayerSlowTime.h">
      <Filter>Game\PlayScene\Player\State</Filter>
    </ClInclude>
    <ClInclude Include="Game\PlayScene\Player\State\PlayerAttack.h">
      <Filter>Game\PlayScene\Player\State</Filter>
    </ClInclude>
    <ClInclude Include="Game\PlayScene\Player\State\PlayerWallWalk.h">
      <Filter>Game\PlayScene\Player\State</Filter>
    </ClInclude>
    <ClInclude Include="Game\PlayScene\Enemy\Enemy\CommonEnemy\CommonEnemy.h">
      <Filter>Game\PlayScene\Enemy\Enemy\CommonEnemy</Filter>
    </ClInclude>
    <ClInclude Include="Game\PlayScene\Enemy\Enemy\CommonEnemy\State\CommonEnemyStay.h">
      <Filter>Game\PlayScene\Enemy\Enemy\CommonEnemy\State</Filter>
    </ClInclude>
    <ClInclude Include="Game\PlayScene\Enemy\Enemy\CommonEnemy\ICommonEnemy.h">
      <Filter>Game\PlayScene\Enemy\Enemy\CommonEnemy</Filter>
    </ClInclude>
    <ClInclude Include="Game\PlayScene\Enemy\Enemy\CommonEnemy\State\CommonEnemyVigilance.h">
      <Filter>Game\PlayScene\Enemy\Enemy\CommonEnemy\State</Filter>
    </ClInclude>
    <ClInclude Include="Library\Bones\ModelBons.h">
      <Filter>Library\Bones</Filter>
    </ClInclude>
    <ClInclude Include="Game\PlayScene\Enemy\Enemy\CommonEnemy\State\CommonEnemyAttack.h">
      <Filter>Game\PlayScene\Enemy\Enemy\CommonEnemy\State</Filter>
    </ClInclude>
    <ClInclude Include="Game\PlayScene\Enemy\Enemy\CommonEnemy\State\CommonEnemyCharge.h">
      <Filter>Game\PlayScene\Enemy\Enemy\CommonEnemy\State</Filter>
    </ClInclude>
    <ClInclude Include="Game\PlayScene\Enemy\Enemy\CommonEnemy\CommonEnemyBulletManager.h">
      <Filter>Game\PlayScene\Enemy\Enemy\CommonEnemy</Filter>
    </ClInclude>
    <ClInclude Include="Game\PlayScene\Enemy\Enemy\CommonEnemy\CommonEnemyBullet.h">
      <Filter>Game\PlayScene\Enemy\Enemy\CommonEnemy</Filter>
    </ClInclude>
    <ClInclude Include="Game\PlayScene\CollitionManager\BulletCollition.h">
      <Filter>Game\PlayScene\CollitionManager</Filter>
    </ClInclude>
    <ClInclude Include="Game\Camera\PlaySceneCamera\PlayerCameraManager.h">
      <Filter>Game\Camera\PlayerCamera</Filter>
    </ClInclude>
    <ClInclude Include="Game\Camera\PlaySceneCamera\IPlayerCamera.h">
      <Filter>Game\Camera\PlayerCamera</Filter>
    </ClInclude>
    <ClInclude Include="Game\Camera\PlaySceneCamera\State\PlayerCamera.h">
      <Filter>Game\Camera\PlayerCamera\State</Filter>
    </ClInclude>
    <ClInclude Include="Game\Camera\PlaySceneCamera\State\PlayerWallWalkCamera.h">
      <Filter>Game\Camera\PlayerCamera\State</Filter>
    </ClInclude>
    <ClInclude Include="Game\Camera\PlaySceneCamera\State\DebugCamera.h">
      <Filter>Game\Camera\PlayerCamera\State</Filter>
    </ClInclude>
    <ClInclude Include="Game\PlayScene\ObjectManager\WireObject\WireObject.h">
      <Filter>Game\PlayScene\ObjectManager\WireObject</Filter>
    </ClInclude>
    <ClInclude Include="Game\PlayScene\Player\State\PlayerWire.h">
      <Filter>Game\PlayScene\Player\State</Filter>
    </ClInclude>
    <ClInclude Include="Game\PlayScene\ObjectManager\WallObject\WallObject.h">
      <Filter>Game\PlayScene\ObjectManager\WallObject</Filter>
    </ClInclude>
    <ClInclude Include="Game\PlayScene\CollitionManager\CollitionInformation.h">
      <Filter>Game\PlayScene\CollitionManager</Filter>
    </ClInclude>
    <ClInclude Include="Game\PlayScene\Player\PlayerInformationCollition.h">
      <Filter>Game\PlayScene\Player</Filter>
    </ClInclude>
    <ClInclude Include="Game\PlayScene\Player\PlayerInformation.h">
      <Filter>Game\PlayScene\Player</Filter>
    </ClInclude>
    <ClInclude Include="Game\PlayScene\Player\State\PlayerWallJump.h">
      <Filter>Game\PlayScene\Player\State</Filter>
    </ClInclude>
    <ClInclude Include="Game\PlayScene\UIManager\UIManager.h">
      <Filter>Game\PlayScene\UIManager</Filter>
    </ClInclude>
    <ClInclude Include="Game\PlayScene\UIManager\UIRender.h">
      <Filter>Game\PlayScene\UIManager</Filter>
    </ClInclude>
    <ClInclude Include="Game\PlayScene\UIManager\BinaryFile.h">
      <Filter>Game\PlayScene\UIManager</Filter>
    </ClInclude>
    <ClInclude Include="Game\PlayScene\UIManager\Clock\ClockBackGround.h">
      <Filter>Game\PlayScene\UIManager\Clock</Filter>
    </ClInclude>
    <ClInclude Include="Game\PlayScene\UIManager\Clock\ClockManager.h">
      <Filter>Game\PlayScene\UIManager\Clock</Filter>
    </ClInclude>
    <ClInclude Include="Game\PlayScene\UIManager\NumberShader.h">
      <Filter>Game\PlayScene\UIManager</Filter>
    </ClInclude>
    <ClInclude Include="Game\PlayScene\UIManager\Clock\ClockTime.h">
      <Filter>Game\PlayScene\UIManager\Clock</Filter>
    </ClInclude>
    <ClInclude Include="Game\PlayScene\UIManager\CircleShader.h">
      <Filter>Game\PlayScene\UIManager</Filter>
    </ClInclude>
    <ClInclude Include="Game\PlayScene\UIManager\CoolTime\CoolTime.h">
      <Filter>Game\PlayScene\UIManager\CoolTime</Filter>
    </ClInclude>
    <ClInclude Include="Game\PlayScene\Player\PlayerInformationUI.h">
      <Filter>Game\PlayScene\Player</Filter>
    </ClInclude>
    <ClInclude Include="Game\PlayScene\Player\State\PlayerDeath.h">
      <Filter>Game\PlayScene\Player\State</Filter>
    </ClInclude>
    <ClInclude Include="Game\PlayScene\Player\IPlayer.h">
      <Filter>Game\PlayScene\Player</Filter>
    </ClInclude>
    <ClInclude Include="Game\Camera\PlaySceneCamera\State\PlayerStartCamera.h">
      <Filter>Game\Camera\PlayerCamera\State</Filter>
    </ClInclude>
    <ClInclude Include="Game\PlayScene\Player\State\PlayerStart.h">
      <Filter>Game\PlayScene\Player\State</Filter>
    </ClInclude>
    <ClInclude Include="Game\Camera\PlaySceneCamera\PlayerCameraInformation.h">
      <Filter>Game\Camera\PlayerCamera</Filter>
    </ClInclude>
    <ClInclude Include="Game\PlayScene\UIManager\Fade\FadeIn.h">
      <Filter>Game\PlayScene\UIManager\FadeIn</Filter>
    </ClInclude>
    <ClInclude Include="Game\PlayScene\UIManager\Fade\FadeRender.h">
      <Filter>Game\PlayScene\UIManager\FadeIn</Filter>
    </ClInclude>
    <ClInclude Include="Game\PlayScene\ScreenEffect\ScreenEffectManager.h">
      <Filter>Game\PlayScene\ScreenEffect</Filter>
    </ClInclude>
    <ClInclude Include="Game\PlayScene\ScreenEffect\FailureScreen\RedScreen.h">
      <Filter>Game\PlayScene\ScreenEffect\FailureScreen</Filter>
    </ClInclude>
    <ClInclude Include="Common\RenderTexture.h">
      <Filter>Common</Filter>
    </ClInclude>
    <ClInclude Include="Game\PlayScene\GameManager\GameManager.h">
      <Filter>Game\PlayScene\GameManager</Filter>
    </ClInclude>
    <ClInclude Include="Game\Camera\PlaySceneCamera\State\PlayerDeathCamera.h">
      <Filter>Game\Camera\PlayerCamera\State</Filter>
    </ClInclude>
    <ClInclude Include="Game\PlayScene\UIManager\GameOver\GameOverManager.h">
      <Filter>Game\PlayScene\UIManager\GameOver</Filter>
    </ClInclude>
    <ClInclude Include="Game\PlayScene\ObjectManager\BackGroundObject\BackGroundObject.h">
      <Filter>Game\PlayScene\ObjectManager\BackGround</Filter>
    </ClInclude>
    <ClInclude Include="Game\PlayScene\UIManager\ScreenRay\ScreenRay.h">
      <Filter>Game\PlayScene\UIManager\ScreenRay</Filter>
    </ClInclude>
    <ClInclude Include="Game\PlayScene\Shadow\Shadow.h">
      <Filter>Game\PlayScene\Shadow</Filter>
    </ClInclude>
    <ClInclude Include="Game\PlayScene\Shadow\ShadowInformation.h">
      <Filter>Game\PlayScene\Shadow</Filter>
    </ClInclude>
    <ClInclude Include="Common\DepthStencil.h">
      <Filter>Common</Filter>
    </ClInclude>
    <ClInclude Include="Common\ReaData.h">
      <Filter>Common</Filter>
    </ClInclude>
    <ClInclude Include="Scene\SceneState\TitleScene.h">
      <Filter>Scene\SceneState</Filter>
    </ClInclude>
    <ClInclude Include="Game\TitleScene\UI\BackGroundMove.h">
      <Filter>Game\TitleScene\UI</Filter>
    </ClInclude>
    <ClInclude Include="Game\PlayScene\ObjectManager\GoalObject\GoalObject.h">
      <Filter>Game\PlayScene\ObjectManager\GoalObject</Filter>
    </ClInclude>
    <ClInclude Include="Game\PlayScene\Player\State\PlayerGoal.h">
      <Filter>Game\PlayScene\Player\State</Filter>
    </ClInclude>
    <ClInclude Include="Scene\SceneState\ResultScene.h">
      <Filter>Scene\SceneState</Filter>
    </ClInclude>
    <ClInclude Include="Game\ResultScene\ResultManager.h">
      <Filter>Game\ResultManager</Filter>
    </ClInclude>
    <ClInclude Include="Game\ResultScene\IResultManager.h">
      <Filter>Game\ResultManager</Filter>
    </ClInclude>
    <ClInclude Include="Game\ResultScene\State\ResultStart.h">
      <Filter>Game\ResultManager\State</Filter>
    </ClInclude>
    <ClInclude Include="Game\ResultScene\State\ResultNumberMove.h">
      <Filter>Game\ResultManager\State</Filter>
    </ClInclude>
    <ClInclude Include="Game\PlayScene\ScreenEffect\FailureScreen\SpeedScreen.h">
      <Filter>Game\PlayScene\ScreenEffect\SpeedScreen</Filter>
    </ClInclude>
    <ClInclude Include="Game\PlayScene\ObjectManager\BackGroundObject\BackGroundObjectInformation.h">
      <Filter>Game\PlayScene\ObjectManager\BackGround</Filter>
    </ClInclude>
    <ClInclude Include="Game\Camera\PlaySceneCamera\State\PlayerCameraStop.h">
      <Filter>Game\Camera\PlayerCamera\State</Filter>
    </ClInclude>
    <ClInclude Include="Game\PlayScene\Effect\EffectManager.h">
      <Filter>Game\PlayScene\Effect</Filter>
    </ClInclude>
    <ClInclude Include="Game\PlayScene\Effect\WireUseEffect\WireUseEffect.h">
      <Filter>Game\PlayScene\Effect\WireUseEffect</Filter>
    </ClInclude>
    <ClInclude Include="Game\PlayScene\Effect\Billboard\BillboardEffect.h">
      <Filter>Game\PlayScene\Effect\Billboard</Filter>
    </ClInclude>
    <ClInclude Include="Game\PlayScene\UIManager\ConcentrationLine\ConcentrationLineManager.h">
      <Filter>Game\PlayScene\UIManager\ConcentrationLine</Filter>
    </ClInclude>
    <ClInclude Include="Game\PlayScene\UIManager\ConcentrationLineShader.h">
      <Filter>Game\PlayScene\UIManager</Filter>
    </ClInclude>
    <ClInclude Include="Game\PlayScene\Player\Bons\PlayerBons.h">
      <Filter>Game\PlayScene\Player\Bons</Filter>
    </ClInclude>
    <ClInclude Include="Game\PlayScene\Player\Bons\BonInformation.h">
      <Filter>Game\PlayScene\Player\Bons</Filter>
    </ClInclude>
    <ClInclude Include="Game\PlayScene\Player\Bons\PlayerAnimation.h">
      <Filter>Game\PlayScene\Player\Bons</Filter>
    </ClInclude>
    <ClInclude Include="Game\PlayScene\Player\Bons\IPlayerAnimationState.h">
      <Filter>Game\PlayScene\Player\Bons</Filter>
    </ClInclude>
    <ClInclude Include="Game\PlayScene\Player\Bons\AnimationState\WalkAnimationState.h">
      <Filter>Game\PlayScene\Player\Bons\AnimationState</Filter>
    </ClInclude>
    <ClInclude Include="Game\PlayScene\Player\Bons\AnimationState\StayAnimationState.h">
      <Filter>Game\PlayScene\Player\Bons\AnimationState</Filter>
    </ClInclude>
    <ClInclude Include="Game\PlayScene\Player\Bons\AnimationState\CrouchingStayAnimationState.h">
      <Filter>Game\PlayScene\Player\Bons\AnimationState</Filter>
    </ClInclude>
    <ClInclude Include="Game\PlayScene\Player\Bons\AnimationState\CrouchingWalkAnimationState.h">
      <Filter>Game\PlayScene\Player\Bons\AnimationState</Filter>
    </ClInclude>
    <ClInclude Include="Game\PlayScene\Player\Bons\AnimationState\DashAnimationState.h">
      <Filter>Game\PlayScene\Player\Bons\AnimationState</Filter>
    </ClInclude>
    <ClInclude Include="Game\PlayScene\Player\Bons\AnimationState\JumpAnimationState.h">
      <Filter>Game\PlayScene\Player\Bons\AnimationState</Filter>
    </ClInclude>
    <ClInclude Include="Game\PlayScene\Player\Bons\AnimationState\SlidingAnimationState.h">
      <Filter>Game\PlayScene\Player\Bons\AnimationState</Filter>
    </ClInclude>
    <ClInclude Include="Game\PlayScene\Player\Bons\AnimationState\StartAnimationState.h">
      <Filter>Game\PlayScene\Player\Bons\AnimationState</Filter>
    </ClInclude>
    <ClInclude Include="Game\PlayScene\Player\Bons\AnimationState\WireJumpAnimationState.h">
      <Filter>Game\PlayScene\Player\Bons\AnimationState</Filter>
    </ClInclude>
    <ClInclude Include="Game\PlayScene\Player\Bons\AnimationState\WallJumpAnimationState.h">
      <Filter>Game\PlayScene\Player\Bons\AnimationState</Filter>
    </ClInclude>
    <ClInclude Include="Game\PlayScene\Player\Bons\AnimationState\WallWalkAnimationState.h">
      <Filter>Game\PlayScene\Player\Bons\AnimationState</Filter>
    </ClInclude>
    <ClInclude Include="Game\PlayScene\UIManager\GameClear\GameClearManager.h">
      <Filter>Game\PlayScene\UIManager\GameClear</Filter>
    </ClInclude>
    <ClInclude Include="Game\PlayScene\UIManager\GlitchShader.h">
      <Filter>Game\PlayScene\UIManager</Filter>
    </ClInclude>
    <ClInclude Include="Game\PlayScene\UIManager\CenterShader.h">
      <Filter>Game\PlayScene\UIManager</Filter>
    </ClInclude>
    <ClInclude Include="Game\PlayScene\Player\Bons\AnimationState\UprightAnimationState.h">
      <Filter>Game\PlayScene\Player\Bons\AnimationState</Filter>
    </ClInclude>
    <ClInclude Include="Game\Camera\PlaySceneCamera\State\PlayerGoalCamera.h">
      <Filter>Game\Camera\PlayerCamera\State</Filter>
    </ClInclude>
    <ClInclude Include="Game\ResultScene\ScreenEffect\PlayerModelTexture.h">
      <Filter>Game\ResultManager\ScreenEffect</Filter>
    </ClInclude>
    <ClInclude Include="Game\ResultScene\State\ResultEvaluation.h">
      <Filter>Game\ResultManager\State</Filter>
    </ClInclude>
    <ClInclude Include="Game\ResultScene\State\ResultStay.h">
      <Filter>Game\ResultManager\State</Filter>
    </ClInclude>
    <ClInclude Include="Game\ResultScene\State\ResultEnd.h">
      <Filter>Game\ResultManager\State</Filter>
    </ClInclude>
    <ClInclude Include="Library\Music\MusicLibrary.h">
      <Filter>Library\Music</Filter>
    </ClInclude>
    <ClInclude Include="Game\PlayScene\ObjectManager\WireObject\WireObjectInformation.h">
      <Filter>Game\PlayScene\ObjectManager\WireObject</Filter>
    </ClInclude>
    <ClInclude Include="Game\Menu\IMenu.h">
      <Filter>Game\Menu</Filter>
    </ClInclude>
    <ClInclude Include="Game\Menu\MenuManager.h">
      <Filter>Game\Menu</Filter>
    </ClInclude>
    <ClInclude Include="Game\Menu\State\AudioSetting.h">
      <Filter>Game\Menu\State</Filter>
    </ClInclude>
    <ClInclude Include="Game\Menu\State\MenuStart.h">
      <Filter>Game\Menu\State</Filter>
    </ClInclude>
    <ClInclude Include="Game\Menu\Slider\Slider.h">
      <Filter>Game\Menu\Slider</Filter>
    </ClInclude>
    <ClInclude Include="Game\Menu\Slider\SliderRender.h">
      <Filter>Game\Menu\Slider</Filter>
    </ClInclude>
    <ClInclude Include="Library\Shader\UIRenderManager.h">
      <Filter>Library\Shader</Filter>
    </ClInclude>
    <ClInclude Include="Library\Shader\ConstBufferManager.h">
      <Filter>Library\Shader</Filter>
    </ClInclude>
    <ClInclude Include="Game\TitleScene\State\ChangeSceneState.h">
      <Filter>Game\TitleScene\State</Filter>
    </ClInclude>
    <ClInclude Include="Game\TitleScene\State\SelectEndState.h">
      <Filter>Game\TitleScene\State</Filter>
    </ClInclude>
    <ClInclude Include="Game\TitleScene\State\SelectPlayState.h">
      <Filter>Game\TitleScene\State</Filter>
    </ClInclude>
    <ClInclude Include="Game\TitleScene\State\SelectSettingState.h">
      <Filter>Game\TitleScene\State</Filter>
    </ClInclude>
    <ClInclude Include="Game\TitleScene\State\StartSceneState.h">
      <Filter>Game\TitleScene\State</Filter>
    </ClInclude>
    <ClInclude Include="Game\TitleScene\ITitleSelect.h">
      <Filter>Game\TitleScene</Filter>
    </ClInclude>
    <ClInclude Include="Game\TitleScene\TitleSelectManager.h">
      <Filter>Game\TitleScene</Filter>
    </ClInclude>
    <ClInclude Include="Library\Shader\StandardShader.h">
      <Filter>Library\Shader</Filter>
    </ClInclude>
    <ClInclude Include="Game\ResultScene\UI\RiseNumberShader.h">
      <Filter>Game\ResultManager\UI</Filter>
    </ClInclude>
  </ItemGroup>
  <ItemGroup>
    <ClCompile Include="pch.cpp" />
    <ClCompile Include="Game.cpp" />
    <ClCompile Include="Main.cpp" />
    <ClCompile Include="DeviceResources.cpp">
      <Filter>Common</Filter>
    </ClCompile>
    <ClCompile Include="Library\LibrarySingleton.cpp">
      <Filter>Library</Filter>
    </ClCompile>
    <ClCompile Include="Scene\SceneManager.cpp">
      <Filter>Scene</Filter>
    </ClCompile>
    <ClCompile Include="Scene\SceneState\PlayScene.cpp">
      <Filter>Scene\SceneState</Filter>
    </ClCompile>
    <ClCompile Include="Game\PlayScene\Player\Player.cpp">
      <Filter>Game\PlayScene\Player</Filter>
    </ClCompile>
    <ClCompile Include="Game\PlayScene\Player\State\PlayerStay.cpp">
      <Filter>Game\PlayScene\Player\State</Filter>
    </ClCompile>
    <ClCompile Include="Game\PlayScene\Player\State\PlayerWalk.cpp">
      <Filter>Game\PlayScene\Player\State</Filter>
    </ClCompile>
    <ClCompile Include="Game\PlayScene\Player\State\PlayerCrouching.cpp">
      <Filter>Game\PlayScene\Player\State</Filter>
    </ClCompile>
    <ClCompile Include="Game\PlayScene\ObjectManager\ObjectManager.cpp">
      <Filter>Game\PlayScene\ObjectManager</Filter>
    </ClCompile>
    <ClCompile Include="Game\PlayScene\Player\State\PlayerJump.cpp">
      <Filter>Game\PlayScene\Player\State</Filter>
    </ClCompile>
    <ClCompile Include="Game\PlayScene\ObjectManager\FloorObject\FloorObject.cpp">
      <Filter>Game\PlayScene\ObjectManager\FloorObject</Filter>
    </ClCompile>
    <ClCompile Include="Library\Mesh\LeadMesh.cpp">
      <Filter>Library\Mesh</Filter>
    </ClCompile>
    <ClCompile Include="Library\Mesh\MeshCollitionManager.cpp">
      <Filter>Library\Mesh</Filter>
    </ClCompile>
    <ClCompile Include="Game\PlayScene\CollitionManager\CollitionManager.cpp">
      <Filter>Game\PlayScene\CollitionManager</Filter>
    </ClCompile>
    <ClCompile Include="Library\Mesh\ObjectMesh.cpp">
      <Filter>Library\Mesh</Filter>
    </ClCompile>
    <ClCompile Include="Library\Mesh\DrawMesh.cpp">
      <Filter>Library\Mesh</Filter>
    </ClCompile>
    <ClCompile Include="Game\PlayScene\Player\State\PlayerSliding.cpp">
      <Filter>Game\PlayScene\Player\State</Filter>
    </ClCompile>
    <ClCompile Include="Common\DebugDraw.cpp">
      <Filter>Common</Filter>
    </ClCompile>
    <ClCompile Include="Library\Mesh\MeshCollitionFloor.cpp">
      <Filter>Library\Mesh</Filter>
    </ClCompile>
    <ClCompile Include="Library\Mesh\MeshCollitionWall.cpp">
      <Filter>Library\Mesh</Filter>
    </ClCompile>
    <ClCompile Include="Game\PlayScene\Player\State\PlayerDash.cpp">
      <Filter>Game\PlayScene\Player\State</Filter>
    </ClCompile>
    <ClCompile Include="Game\PlayScene\Enemy\EnemyManager.cpp">
      <Filter>Game\PlayScene\Enemy</Filter>
    </ClCompile>
    <ClCompile Include="Game\PlayScene\Player\State\PlayerSlowTime.cpp">
      <Filter>Game\PlayScene\Player\State</Filter>
    </ClCompile>
    <ClCompile Include="Game\PlayScene\Player\State\PlayerAttack.cpp">
      <Filter>Game\PlayScene\Player\State</Filter>
    </ClCompile>
    <ClCompile Include="Game\PlayScene\Player\State\PlayerWallWalk.cpp">
      <Filter>Game\PlayScene\Player\State</Filter>
    </ClCompile>
    <ClCompile Include="Game\PlayScene\Enemy\Enemy\CommonEnemy\CommonEnemy.cpp">
      <Filter>Game\PlayScene\Enemy\Enemy\CommonEnemy</Filter>
    </ClCompile>
    <ClCompile Include="Game\PlayScene\Enemy\Enemy\CommonEnemy\State\CommonEnemyStay.cpp">
      <Filter>Game\PlayScene\Enemy\Enemy\CommonEnemy\State</Filter>
    </ClCompile>
    <ClCompile Include="Game\PlayScene\Enemy\Enemy\CommonEnemy\State\CommonEnemyVigilance.cpp">
      <Filter>Game\PlayScene\Enemy\Enemy\CommonEnemy\State</Filter>
    </ClCompile>
    <ClCompile Include="Library\Bones\ModelBons.cpp">
      <Filter>Library\Bones</Filter>
    </ClCompile>
    <ClCompile Include="Game\PlayScene\Enemy\Enemy\CommonEnemy\State\CommonEnemyAttack.cpp">
      <Filter>Game\PlayScene\Enemy\Enemy\CommonEnemy\State</Filter>
    </ClCompile>
    <ClCompile Include="Game\PlayScene\Enemy\Enemy\CommonEnemy\State\CommonEnemyCharge.cpp">
      <Filter>Game\PlayScene\Enemy\Enemy\CommonEnemy\State</Filter>
    </ClCompile>
    <ClCompile Include="Game\PlayScene\Enemy\Enemy\CommonEnemy\CommonEnemyBulletManager.cpp">
      <Filter>Game\PlayScene\Enemy\Enemy\CommonEnemy</Filter>
    </ClCompile>
    <ClCompile Include="Game\PlayScene\Enemy\Enemy\CommonEnemy\CommonEnemyBullet.cpp">
      <Filter>Game\PlayScene\Enemy\Enemy\CommonEnemy</Filter>
    </ClCompile>
    <ClCompile Include="Game\PlayScene\CollitionManager\BulletCollition.cpp">
      <Filter>Game\PlayScene\CollitionManager</Filter>
    </ClCompile>
    <ClCompile Include="Game\Camera\PlaySceneCamera\PlayerCameraManager.cpp">
      <Filter>Game\Camera\PlayerCamera</Filter>
    </ClCompile>
    <ClCompile Include="Game\Camera\PlaySceneCamera\State\PlayerCamera.cpp">
      <Filter>Game\Camera\PlayerCamera\State</Filter>
    </ClCompile>
    <ClCompile Include="Game\Camera\PlaySceneCamera\State\PlayerWallWalkCamera.cpp">
      <Filter>Game\Camera\PlayerCamera\State</Filter>
    </ClCompile>
    <ClCompile Include="Game\Camera\PlaySceneCamera\State\DebugCamera.cpp">
      <Filter>Game\Camera\PlayerCamera\State</Filter>
    </ClCompile>
    <ClCompile Include="Game\PlayScene\ObjectManager\WireObject\WireObject.cpp">
      <Filter>Game\PlayScene\ObjectManager\WireObject</Filter>
    </ClCompile>
    <ClCompile Include="Game\PlayScene\Player\State\PlayerWire.cpp">
      <Filter>Game\PlayScene\Player\State</Filter>
    </ClCompile>
    <ClCompile Include="Game\PlayScene\ObjectManager\WallObject\WallObject.cpp">
      <Filter>Game\PlayScene\ObjectManager\WallObject</Filter>
    </ClCompile>
    <ClCompile Include="Game\PlayScene\CollitionManager\CollitionInformation.cpp">
      <Filter>Game\PlayScene\CollitionManager</Filter>
    </ClCompile>
    <ClCompile Include="Game\PlayScene\Player\State\PlayerWallJump.cpp">
      <Filter>Game\PlayScene\Player\State</Filter>
    </ClCompile>
    <ClCompile Include="Game\PlayScene\UIManager\UIManager.cpp">
      <Filter>Game\PlayScene\UIManager</Filter>
    </ClCompile>
    <ClCompile Include="Game\PlayScene\UIManager\UIRender.cpp">
      <Filter>Game\PlayScene\UIManager</Filter>
    </ClCompile>
    <ClCompile Include="Game\PlayScene\UIManager\BinaryFile.cpp">
      <Filter>Game\PlayScene\UIManager</Filter>
    </ClCompile>
    <ClCompile Include="Game\PlayScene\UIManager\Clock\ClockBackGround.cpp">
      <Filter>Game\PlayScene\UIManager\Clock</Filter>
    </ClCompile>
    <ClCompile Include="Game\PlayScene\UIManager\Clock\ClockManager.cpp">
      <Filter>Game\PlayScene\UIManager\Clock</Filter>
    </ClCompile>
    <ClCompile Include="Game\PlayScene\UIManager\NumberShader.cpp">
      <Filter>Game\PlayScene\UIManager</Filter>
    </ClCompile>
    <ClCompile Include="Game\PlayScene\UIManager\Clock\ClockTime.cpp">
      <Filter>Game\PlayScene\UIManager\Clock</Filter>
    </ClCompile>
    <ClCompile Include="Game\PlayScene\UIManager\CircleShader.cpp">
      <Filter>Game\PlayScene\UIManager</Filter>
    </ClCompile>
    <ClCompile Include="Game\PlayScene\UIManager\CoolTime\CoolTime.cpp">
      <Filter>Game\PlayScene\UIManager\CoolTime</Filter>
    </ClCompile>
    <ClCompile Include="Game\PlayScene\Player\State\PlayerDeath.cpp">
      <Filter>Game\PlayScene\Player\State</Filter>
    </ClCompile>
    <ClCompile Include="Game\Camera\PlaySceneCamera\State\PlayerStartCamera.cpp">
      <Filter>Game\Camera\PlayerCamera\State</Filter>
    </ClCompile>
    <ClCompile Include="Game\PlayScene\Player\State\PlayerStart.cpp">
      <Filter>Game\PlayScene\Player\State</Filter>
    </ClCompile>
    <ClCompile Include="Game\PlayScene\UIManager\Fade\FadeIn.cpp">
      <Filter>Game\PlayScene\UIManager\FadeIn</Filter>
    </ClCompile>
    <ClCompile Include="Game\PlayScene\UIManager\Fade\FadeRender.cpp">
      <Filter>Game\PlayScene\UIManager\FadeIn</Filter>
    </ClCompile>
    <ClCompile Include="Game\PlayScene\ScreenEffect\ScreenEffectManager.cpp">
      <Filter>Game\PlayScene\ScreenEffect</Filter>
    </ClCompile>
    <ClCompile Include="Game\PlayScene\ScreenEffect\FailureScreen\RedScreen.cpp">
      <Filter>Game\PlayScene\ScreenEffect\FailureScreen</Filter>
    </ClCompile>
    <ClCompile Include="Common\RenderTexture.cpp">
      <Filter>Common</Filter>
    </ClCompile>
    <ClCompile Include="Game\PlayScene\GameManager\GameManager.cpp">
      <Filter>Game\PlayScene\GameManager</Filter>
    </ClCompile>
    <ClCompile Include="Game\Camera\PlaySceneCamera\State\PlayerDeathCamera.cpp">
      <Filter>Game\Camera\PlayerCamera\State</Filter>
    </ClCompile>
    <ClCompile Include="Game\PlayScene\UIManager\GameOver\GameOverManager.cpp">
      <Filter>Game\PlayScene\UIManager\GameOver</Filter>
    </ClCompile>
    <ClCompile Include="Game\PlayScene\ObjectManager\BackGroundObject\BackGroundObject.cpp">
      <Filter>Game\PlayScene\ObjectManager\BackGround</Filter>
    </ClCompile>
    <ClCompile Include="Game\PlayScene\UIManager\ScreenRay\ScreenRay.cpp">
      <Filter>Game\PlayScene\UIManager\ScreenRay</Filter>
    </ClCompile>
    <ClCompile Include="Game\PlayScene\Shadow\Shadow.cpp">
      <Filter>Game\PlayScene\Shadow</Filter>
    </ClCompile>
    <ClCompile Include="Common\DepthStencil.cpp">
      <Filter>Common</Filter>
    </ClCompile>
    <ClCompile Include="Game\PlayScene\Shadow\ShadowInformation.cpp">
      <Filter>Game\PlayScene\Shadow</Filter>
    </ClCompile>
    <ClCompile Include="Scene\SceneState\TitleScene.cpp">
      <Filter>Scene\SceneState</Filter>
    </ClCompile>
    <ClCompile Include="Game\TitleScene\UI\BackGroundMove.cpp">
      <Filter>Game\TitleScene\UI</Filter>
    </ClCompile>
    <ClCompile Include="Game\PlayScene\ObjectManager\GoalObject\GoalObject.cpp">
      <Filter>Game\PlayScene\ObjectManager\GoalObject</Filter>
    </ClCompile>
    <ClCompile Include="Game\PlayScene\Player\State\PlayerGoal.cpp">
      <Filter>Game\PlayScene\Player\State</Filter>
    </ClCompile>
    <ClCompile Include="Scene\SceneState\ResultScene.cpp">
      <Filter>Scene\SceneState</Filter>
    </ClCompile>
    <ClCompile Include="Game\ResultScene\ResultManager.cpp">
      <Filter>Game\ResultManager</Filter>
    </ClCompile>
    <ClCompile Include="Game\ResultScene\State\ResultStart.cpp">
      <Filter>Game\ResultManager\State</Filter>
    </ClCompile>
    <ClCompile Include="Game\ResultScene\State\ResultNumberMove.cpp">
      <Filter>Game\ResultManager\State</Filter>
    </ClCompile>
    <ClCompile Include="Game\PlayScene\ScreenEffect\FailureScreen\SpeedScreen.cpp">
      <Filter>Game\PlayScene\ScreenEffect\SpeedScreen</Filter>
    </ClCompile>
    <ClCompile Include="Game\PlayScene\ObjectManager\BackGroundObject\BackGroundObjectInformation.cpp">
      <Filter>Game\PlayScene\ObjectManager\BackGround</Filter>
    </ClCompile>
    <ClCompile Include="Game\Camera\PlaySceneCamera\State\PlayerCameraStop.cpp">
      <Filter>Game\Camera\PlayerCamera\State</Filter>
    </ClCompile>
    <ClCompile Include="Game\PlayScene\Effect\EffectManager.cpp">
      <Filter>Game\PlayScene\Effect</Filter>
    </ClCompile>
    <ClCompile Include="Game\PlayScene\Effect\WireUseEffect\WireUseEffect.cpp">
      <Filter>Game\PlayScene\Effect\WireUseEffect</Filter>
    </ClCompile>
    <ClCompile Include="Game\PlayScene\Effect\Billboard\BillboardEffect.cpp">
      <Filter>Game\PlayScene\Effect\Billboard</Filter>
    </ClCompile>
    <ClCompile Include="Game\PlayScene\UIManager\ConcentrationLine\ConcentrationLineManager.cpp">
      <Filter>Game\PlayScene\UIManager\ConcentrationLine</Filter>
    </ClCompile>
    <ClCompile Include="Game\PlayScene\UIManager\ConcentrationLineShader.cpp">
      <Filter>Game\PlayScene\UIManager</Filter>
    </ClCompile>
    <ClCompile Include="Game\PlayScene\Player\Bons\PlayerBons.cpp">
      <Filter>Game\PlayScene\Player\Bons</Filter>
    </ClCompile>
    <ClCompile Include="Game\PlayScene\Player\Bons\PlayerAnimation.cpp">
      <Filter>Game\PlayScene\Player\Bons</Filter>
    </ClCompile>
    <ClCompile Include="Game\PlayScene\Player\Bons\AnimationState\WalkAnimationState.cpp">
      <Filter>Game\PlayScene\Player\Bons\AnimationState</Filter>
    </ClCompile>
    <ClCompile Include="Game\PlayScene\Player\Bons\AnimationState\StayAnimationState.cpp">
      <Filter>Game\PlayScene\Player\Bons\AnimationState</Filter>
    </ClCompile>
    <ClCompile Include="Game\PlayScene\Player\Bons\AnimationState\CrouchingStayAnimationState.cpp">
      <Filter>Game\PlayScene\Player\Bons\AnimationState</Filter>
    </ClCompile>
    <ClCompile Include="Game\PlayScene\Player\Bons\AnimationState\CrouchingWalkAnimationState.cpp">
      <Filter>Game\PlayScene\Player\Bons\AnimationState</Filter>
    </ClCompile>
    <ClCompile Include="Game\PlayScene\Player\Bons\AnimationState\DashAnimationState.cpp">
      <Filter>Game\PlayScene\Player\Bons\AnimationState</Filter>
    </ClCompile>
    <ClCompile Include="Game\PlayScene\Player\Bons\AnimationState\JumpAnimationState.cpp">
      <Filter>Game\PlayScene\Player\Bons\AnimationState</Filter>
    </ClCompile>
    <ClCompile Include="Game\PlayScene\Player\Bons\AnimationState\SlidingAnimationState.cpp">
      <Filter>Game\PlayScene\Player\Bons\AnimationState</Filter>
    </ClCompile>
    <ClCompile Include="Game\PlayScene\Player\Bons\AnimationState\StartAnimationState.cpp">
      <Filter>Game\PlayScene\Player\Bons\AnimationState</Filter>
    </ClCompile>
    <ClCompile Include="Game\PlayScene\Player\Bons\AnimationState\WireJumpAnimationState.cpp">
      <Filter>Game\PlayScene\Player\Bons\AnimationState</Filter>
    </ClCompile>
    <ClCompile Include="Game\PlayScene\Player\Bons\AnimationState\WallJumpAnimationState.cpp">
      <Filter>Game\PlayScene\Player\Bons\AnimationState</Filter>
    </ClCompile>
    <ClCompile Include="Game\PlayScene\Player\Bons\AnimationState\WallWalkAnimationState.cpp">
      <Filter>Game\PlayScene\Player\Bons\AnimationState</Filter>
    </ClCompile>
    <ClCompile Include="Game\PlayScene\UIManager\GameClear\GameClearManager.cpp">
      <Filter>Game\PlayScene\UIManager\GameClear</Filter>
    </ClCompile>
    <ClCompile Include="Game\PlayScene\UIManager\GlitchShader.cpp">
      <Filter>Game\PlayScene\UIManager</Filter>
    </ClCompile>
    <ClCompile Include="Game\PlayScene\UIManager\CenterShader.cpp">
      <Filter>Game\PlayScene\UIManager</Filter>
    </ClCompile>
    <ClCompile Include="Game\PlayScene\Player\Bons\AnimationState\UprightAnimationState.cpp">
      <Filter>Game\PlayScene\Player\Bons\AnimationState</Filter>
    </ClCompile>
    <ClCompile Include="Game\Camera\PlaySceneCamera\State\PlayerGoalCamera.cpp">
      <Filter>Game\Camera\PlayerCamera\State</Filter>
    </ClCompile>
    <ClCompile Include="Game\ResultScene\ScreenEffect\PlayerModelTexture.cpp">
      <Filter>Game\ResultManager\ScreenEffect</Filter>
    </ClCompile>
    <ClCompile Include="Game\ResultScene\State\ResultEvaluation.cpp">
      <Filter>Game\ResultManager\State</Filter>
    </ClCompile>
    <ClCompile Include="Game\ResultScene\State\ResultStay.cpp">
      <Filter>Game\ResultManager\State</Filter>
    </ClCompile>
    <ClCompile Include="Game\ResultScene\State\ResultEnd.cpp">
      <Filter>Game\ResultManager\State</Filter>
    </ClCompile>
    <ClCompile Include="Library\Music\MusicLibrary.cpp">
      <Filter>Library\Music</Filter>
    </ClCompile>
    <ClCompile Include="Game\Menu\MenuManager.cpp">
      <Filter>Game\Menu</Filter>
    </ClCompile>
    <ClCompile Include="Game\Menu\State\AudioSetting.cpp">
      <Filter>Game\Menu\State</Filter>
    </ClCompile>
    <ClCompile Include="Game\Menu\State\MenuStart.cpp">
      <Filter>Game\Menu\State</Filter>
    </ClCompile>
    <ClCompile Include="Game\Menu\Slider\Slider.cpp">
      <Filter>Game\Menu\Slider</Filter>
    </ClCompile>
    <ClCompile Include="Game\Menu\Slider\SliderRender.cpp">
      <Filter>Game\Menu\Slider</Filter>
    </ClCompile>
    <ClCompile Include="Library\Shader\UIRenderManager.cpp">
      <Filter>Library\Shader</Filter>
    </ClCompile>
    <ClCompile Include="Library\Shader\ConstBufferManager.cpp">
      <Filter>Library\Shader</Filter>
    </ClCompile>
    <ClCompile Include="Game\TitleScene\State\ChangeSceneState.cpp">
      <Filter>Game\TitleScene\State</Filter>
    </ClCompile>
    <ClCompile Include="Game\TitleScene\State\SelectEndState.cpp">
      <Filter>Game\TitleScene\State</Filter>
    </ClCompile>
    <ClCompile Include="Game\TitleScene\State\SelectPlayState.cpp">
      <Filter>Game\TitleScene\State</Filter>
    </ClCompile>
    <ClCompile Include="Game\TitleScene\State\SelectSettingState.cpp">
      <Filter>Game\TitleScene\State</Filter>
    </ClCompile>
    <ClCompile Include="Game\TitleScene\State\StartSceneState.cpp">
      <Filter>Game\TitleScene\State</Filter>
    </ClCompile>
    <ClCompile Include="Game\TitleScene\TitleSelectManager.cpp">
      <Filter>Game\TitleScene</Filter>
    </ClCompile>
    <ClCompile Include="Game\ResultScene\UI\RiseNumberShader.cpp">
      <Filter>Game\ResultManager\UI</Filter>
    </ClCompile>
  </ItemGroup>
  <ItemGroup>
    <ResourceCompile Include="resource.rc" />
  </ItemGroup>
  <ItemGroup>
    <Image Include="directx.ico">
      <Filter>Assets</Filter>
    </Image>
  </ItemGroup>
  <ItemGroup>
    <Manifest Include="settings.manifest">
      <Filter>Assets</Filter>
    </Manifest>
  </ItemGroup>
  <ItemGroup>
    <None Include="packages.config" />
    <None Include="Resources\Shader\UI\UIShader.hlsli">
      <Filter>Resorces\Shader\UI</Filter>
    </None>
    <None Include="Resources\Shader\Number\Number.hlsli">
      <Filter>Resorces\Shader\Number</Filter>
    </None>
    <None Include="Resources\Shader\CoolTime\CoolTime.hlsli">
      <Filter>Resorces\Shader\CoolTime</Filter>
    </None>
    <None Include="Resources\Shader\Fade\FadeShader.hlsli">
      <Filter>Resorces\Shader\Fade</Filter>
    </None>
    <None Include="Resources\Shader\RedScreen\RedScreen.hlsli">
      <Filter>Resorces\Shader\RedScreen</Filter>
    </None>
    <None Include="Resources\Shader\BackGroundMove\BackGroundMove.hlsli">
      <Filter>Resorces\Shader\BackGroundMove</Filter>
    </None>
    <None Include="Resources\Shader\TVOFF\TVOFF.hlsli">
      <Filter>Resorces\Shader\TVOFF</Filter>
    </None>
    <None Include="Resources\Shader\AboveNumber\AboveNumber.hlsli">
      <Filter>Resorces\Shader\AboveNumber</Filter>
    </None>
    <None Include="Resources\Shader\SpeedScreen\SpeedScreen.hlsli">
      <Filter>Resorces\Shader\SpeedScreen</Filter>
    </None>
    <None Include="Resources\Shader\EffectBillboard\EffectBillboard.hlsli">
      <Filter>Resorces\Shader\Billboard</Filter>
    </None>
    <None Include="Resources\Shader\ConcentrationLine\ConcentrationLine.hlsli">
      <Filter>Resorces\Shader\ConcentrationLine</Filter>
    </None>
    <None Include="Resources\Shader\Shadow\Shawow.hlsli">
      <Filter>Resorces\Shader\Shadow</Filter>
    </None>
    <None Include="Resources\Shader\GlitchShader\GlitchShader.hlsli">
      <Filter>Resorces\Shader\GlitchShader</Filter>
    </None>
    <None Include="Resources\Shader\CenterShader\CenterShader.hlsli">
      <Filter>Resorces\Shader\CenterShader</Filter>
    </None>
    <None Include="Resources\Shader\PlayerModelTexture\PlayerModelTexture.hlsli">
      <Filter>Resorces\Shader\PlayerModelTexture</Filter>
    </None>
    <None Include="Resources\Shader\Slider\Slider.hlsli">
      <Filter>Resorces\Shader\Slider</Filter>
    </None>
  </ItemGroup>
  <ItemGroup>
    <MeshContentTask Include="FBX\Floor.fbx">
      <Filter>Resorces\FBX</Filter>
    </MeshContentTask>
    <MeshContentTask Include="FBX\Player.fbx">
      <Filter>Resorces\FBX</Filter>
    </MeshContentTask>
    <MeshContentTask Include="FBX\Enemy.fbx">
      <Filter>Resorces\FBX</Filter>
    </MeshContentTask>
    <MeshContentTask Include="FBX\CommonBullet.fbx">
      <Filter>Resorces\FBX</Filter>
    </MeshContentTask>
    <MeshContentTask Include="FBX\Wire.fbx">
      <Filter>Resorces\FBX</Filter>
    </MeshContentTask>
    <MeshContentTask Include="FBX\WireRange.fbx">
      <Filter>Resorces\FBX</Filter>
    </MeshContentTask>
    <MeshContentTask Include="FBX\WallObject01.fbx">
      <Filter>Resorces\FBX</Filter>
    </MeshContentTask>
    <MeshContentTask Include="FBX\Background.fbx">
      <Filter>Resorces\FBX</Filter>
    </MeshContentTask>
    <MeshContentTask Include="FBX\Drone\Drone.fbx">
      <Filter>Resorces\FBX</Filter>
    </MeshContentTask>
    <MeshContentTask Include="FBX\Drone\Wing.fbx">
      <Filter>Resorces\FBX</Filter>
    </MeshContentTask>
    <MeshContentTask Include="FBX\Goal.fbx">
      <Filter>Resorces\FBX</Filter>
    </MeshContentTask>
    <MeshContentTask Include="FBX\Player\Head.fbx">
      <Filter>Resorces\FBX\Player</Filter>
    </MeshContentTask>
    <MeshContentTask Include="FBX\Player\RLeagAbove.fbx">
      <Filter>Resorces\FBX\Player</Filter>
    </MeshContentTask>
    <MeshContentTask Include="FBX\Player\RLeagUnder.fbx">
      <Filter>Resorces\FBX\Player</Filter>
    </MeshContentTask>
    <MeshContentTask Include="FBX\Player\RShoes.fbx">
      <Filter>Resorces\FBX\Player</Filter>
    </MeshContentTask>
    <MeshContentTask Include="FBX\Player\Body.fbx">
      <Filter>Resorces\FBX\Player</Filter>
    </MeshContentTask>
    <MeshContentTask Include="FBX\Player\BodyUnder.fbx">
      <Filter>Resorces\FBX\Player</Filter>
    </MeshContentTask>
    <MeshContentTask Include="FBX\Player\LArmAbove.fbx">
      <Filter>Resorces\FBX\Player</Filter>
    </MeshContentTask>
    <MeshContentTask Include="FBX\Player\LArmUnder.fbx">
      <Filter>Resorces\FBX\Player</Filter>
    </MeshContentTask>
    <MeshContentTask Include="FBX\Player\LHand.fbx">
      <Filter>Resorces\FBX\Player</Filter>
    </MeshContentTask>
    <MeshContentTask Include="FBX\Player\LLeagAbove.fbx">
      <Filter>Resorces\FBX\Player</Filter>
    </MeshContentTask>
    <MeshContentTask Include="FBX\Player\LLeagUnder.fbx">
      <Filter>Resorces\FBX\Player</Filter>
    </MeshContentTask>
    <MeshContentTask Include="FBX\Player\RArmAbove.fbx">
      <Filter>Resorces\FBX\Player</Filter>
    </MeshContentTask>
    <MeshContentTask Include="FBX\Player\RArmUnder.fbx">
      <Filter>Resorces\FBX\Player</Filter>
    </MeshContentTask>
    <MeshContentTask Include="FBX\Player\RHand.fbx">
      <Filter>Resorces\FBX\Player</Filter>
    </MeshContentTask>
    <MeshContentTask Include="FBX\Player\LShoes.fbx">
      <Filter>Resorces\FBX\Player</Filter>
    </MeshContentTask>
  </ItemGroup>
  <ItemGroup>
    <FxCompile Include="Resources\Shader\UI\UIShaderGS.hlsl">
      <Filter>Resorces\Shader\UI</Filter>
    </FxCompile>
    <FxCompile Include="Resources\Shader\UI\UIShaderPS.hlsl">
      <Filter>Resorces\Shader\UI</Filter>
    </FxCompile>
    <FxCompile Include="Resources\Shader\UI\UIShaderVS.hlsl">
      <Filter>Resorces\Shader\UI</Filter>
    </FxCompile>
    <FxCompile Include="Resources\Shader\Number\NumberGS.hlsl">
      <Filter>Resorces\Shader\Number</Filter>
    </FxCompile>
    <FxCompile Include="Resources\Shader\Number\NumberPS.hlsl">
      <Filter>Resorces\Shader\Number</Filter>
    </FxCompile>
    <FxCompile Include="Resources\Shader\Number\NumberVS.hlsl">
      <Filter>Resorces\Shader\Number</Filter>
    </FxCompile>
    <FxCompile Include="Resources\Shader\CoolTime\CoolTimeGS.hlsl">
      <Filter>Resorces\Shader\CoolTime</Filter>
    </FxCompile>
    <FxCompile Include="Resources\Shader\CoolTime\CoolTimePS.hlsl">
      <Filter>Resorces\Shader\CoolTime</Filter>
    </FxCompile>
    <FxCompile Include="Resources\Shader\CoolTime\CoolTimeVS.hlsl">
      <Filter>Resorces\Shader\CoolTime</Filter>
    </FxCompile>
    <FxCompile Include="Resources\Shader\Fade\FadeShaderGS.hlsl">
      <Filter>Resorces\Shader\Fade</Filter>
    </FxCompile>
    <FxCompile Include="Resources\Shader\Fade\FadeShaderPS.hlsl">
      <Filter>Resorces\Shader\Fade</Filter>
    </FxCompile>
    <FxCompile Include="Resources\Shader\Fade\FadeShaderVS.hlsl">
      <Filter>Resorces\Shader\Fade</Filter>
    </FxCompile>
    <FxCompile Include="Resources\Shader\RedScreen\RedScreenGS.hlsl">
      <Filter>Resorces\Shader\RedScreen</Filter>
    </FxCompile>
    <FxCompile Include="Resources\Shader\RedScreen\RedScreenPS.hlsl">
      <Filter>Resorces\Shader\RedScreen</Filter>
    </FxCompile>
    <FxCompile Include="Resources\Shader\RedScreen\RedScreenVS.hlsl">
      <Filter>Resorces\Shader\RedScreen</Filter>
    </FxCompile>
    <FxCompile Include="Resources\Shader\Shadow\ShadowPS.hlsl">
      <Filter>Resorces\Shader\Shadow</Filter>
    </FxCompile>
    <FxCompile Include="Resources\Shader\Shadow\ShadowVS.hlsl">
      <Filter>Resorces\Shader\Shadow</Filter>
    </FxCompile>
    <FxCompile Include="Resources\Shader\Shadow\Depth\ShadowDepthPS.hlsl">
      <Filter>Resorces\Shader\Shadow\Depth</Filter>
    </FxCompile>
    <FxCompile Include="Resources\Shader\Shadow\Depth\ShadowDepthVS.hlsl">
      <Filter>Resorces\Shader\Shadow\Depth</Filter>
    </FxCompile>
    <FxCompile Include="Resources\Shader\BackGroundMove\BackGroundMoveGS.hlsl">
      <Filter>Resorces\Shader\BackGroundMove</Filter>
    </FxCompile>
    <FxCompile Include="Resources\Shader\BackGroundMove\BackGroundMovePS.hlsl">
      <Filter>Resorces\Shader\BackGroundMove</Filter>
    </FxCompile>
    <FxCompile Include="Resources\Shader\BackGroundMove\BackGroundMoveVS.hlsl">
      <Filter>Resorces\Shader\BackGroundMove</Filter>
    </FxCompile>
    <FxCompile Include="Resources\Shader\TVOFF\TVOFFGS.hlsl">
      <Filter>Resorces\Shader\TVOFF</Filter>
    </FxCompile>
    <FxCompile Include="Resources\Shader\TVOFF\TVOFFPS.hlsl">
      <Filter>Resorces\Shader\TVOFF</Filter>
    </FxCompile>
    <FxCompile Include="Resources\Shader\TVOFF\TVOFFVS.hlsl">
      <Filter>Resorces\Shader\TVOFF</Filter>
    </FxCompile>
    <FxCompile Include="Resources\Shader\Model\ModelPS.hlsl">
      <Filter>Resorces\Shader\Model</Filter>
    </FxCompile>
    <FxCompile Include="Resources\Shader\AboveNumber\AboveNumberGS.hlsl">
      <Filter>Resorces\Shader\AboveNumber</Filter>
    </FxCompile>
    <FxCompile Include="Resources\Shader\AboveNumber\AboveNumberPS.hlsl">
      <Filter>Resorces\Shader\AboveNumber</Filter>
    </FxCompile>
    <FxCompile Include="Resources\Shader\AboveNumber\AboveNumberVS.hlsl">
      <Filter>Resorces\Shader\AboveNumber</Filter>
    </FxCompile>
    <FxCompile Include="Resources\Shader\SpeedScreen\SpeedScreenGS.hlsl">
      <Filter>Resorces\Shader\SpeedScreen</Filter>
    </FxCompile>
    <FxCompile Include="Resources\Shader\SpeedScreen\SpeedScreenPS.hlsl">
      <Filter>Resorces\Shader\SpeedScreen</Filter>
    </FxCompile>
    <FxCompile Include="Resources\Shader\SpeedScreen\SpeedScreenVS.hlsl">
      <Filter>Resorces\Shader\SpeedScreen</Filter>
    </FxCompile>
    <FxCompile Include="Resources\Shader\EffectBillboard\EffectBillboardGS.hlsl">
      <Filter>Resorces\Shader\Billboard</Filter>
    </FxCompile>
    <FxCompile Include="Resources\Shader\EffectBillboard\EffectBillboardPS.hlsl">
      <Filter>Resorces\Shader\Billboard</Filter>
    </FxCompile>
    <FxCompile Include="Resources\Shader\EffectBillboard\EffectBillboardVS.hlsl">
      <Filter>Resorces\Shader\Billboard</Filter>
    </FxCompile>
    <FxCompile Include="Resources\Shader\ConcentrationLine\ConcentrationLineGS.hlsl">
      <Filter>Resorces\Shader\ConcentrationLine</Filter>
    </FxCompile>
    <FxCompile Include="Resources\Shader\ConcentrationLine\ConcentrationLinePS.hlsl">
      <Filter>Resorces\Shader\ConcentrationLine</Filter>
    </FxCompile>
    <FxCompile Include="Resources\Shader\ConcentrationLine\ConcentrationLineVS.hlsl">
      <Filter>Resorces\Shader\ConcentrationLine</Filter>
    </FxCompile>
    <FxCompile Include="Resources\Shader\GlitchShader\GlitchShaderGS.hlsl">
      <Filter>Resorces\Shader\GlitchShader</Filter>
    </FxCompile>
    <FxCompile Include="Resources\Shader\GlitchShader\GlitchShaderPS.hlsl">
      <Filter>Resorces\Shader\GlitchShader</Filter>
    </FxCompile>
    <FxCompile Include="Resources\Shader\GlitchShader\GlitchShaderVS.hlsl">
      <Filter>Resorces\Shader\GlitchShader</Filter>
    </FxCompile>
    <FxCompile Include="Resources\Shader\CenterShader\CenterShaderGS.hlsl">
      <Filter>Resorces\Shader\CenterShader</Filter>
    </FxCompile>
    <FxCompile Include="Resources\Shader\CenterShader\CenterShaderPS.hlsl">
      <Filter>Resorces\Shader\CenterShader</Filter>
    </FxCompile>
    <FxCompile Include="Resources\Shader\CenterShader\CenterShaderVS.hlsl">
      <Filter>Resorces\Shader\CenterShader</Filter>
    </FxCompile>
    <FxCompile Include="Resources\Shader\PlayerModelTexture\PlayerModelTextureGS.hlsl">
      <Filter>Resorces\Shader\PlayerModelTexture</Filter>
    </FxCompile>
    <FxCompile Include="Resources\Shader\PlayerModelTexture\PlayerModelTexturePS.hlsl">
      <Filter>Resorces\Shader\PlayerModelTexture</Filter>
    </FxCompile>
    <FxCompile Include="Resources\Shader\PlayerModelTexture\PlayerModelTextureVS.hlsl">
      <Filter>Resorces\Shader\PlayerModelTexture</Filter>
    </FxCompile>
    <FxCompile Include="Resources\Shader\Slider\SliderGS.hlsl">
      <Filter>Resorces\Shader\Slider</Filter>
    </FxCompile>
    <FxCompile Include="Resources\Shader\Slider\SliderPS.hlsl">
      <Filter>Resorces\Shader\Slider</Filter>
    </FxCompile>
    <FxCompile Include="Resources\Shader\Slider\SliderVS.hlsl">
      <Filter>Resorces\Shader\Slider</Filter>
    </FxCompile>
  </ItemGroup>
</Project>